Microsoft Visual Studio Solution File, Format Version 12.00
# Visual Studio Version 17
VisualStudioVersion = 17.5.2.0
MinimumVisualStudioVersion = 10.0.40219.1
Project("{FAE04EC0-301F-11D3-BF4B-00C04F79EFBC}") = "Calculadora_IMC_WEB", "Calculadora_IMC_WEB.csproj", "{19E2449E-E9AB-00A5-DF4D-6B7A295A0391}"
EndProject
Global
	GlobalSection(SolutionConfigurationPlatforms) = preSolution
		Debug|Any CPU = Debug|Any CPU
		Release|Any CPU = Release|Any CPU
	EndGlobalSection
	GlobalSection(ProjectConfigurationPlatforms) = postSolution
		{19E2449E-E9AB-00A5-DF4D-6B7A295A0391}.Debug|Any CPU.ActiveCfg = Debug|Any CPU
		{19E2449E-E9AB-00A5-DF4D-6B7A295A0391}.Debug|Any CPU.Build.0 = Debug|Any CPU
		{19E2449E-E9AB-00A5-DF4D-6B7A295A0391}.Release|Any CPU.ActiveCfg = Release|Any CPU
		{19E2449E-E9AB-00A5-DF4D-6B7A295A0391}.Release|Any CPU.Build.0 = Release|Any CPU
	EndGlobalSection
	GlobalSection(SolutionProperties) = preSolution
		HideSolutionNode = FALSE
	EndGlobalSection
	GlobalSection(ExtensibilityGlobals) = postSolution
		SolutionGuid = {E0A7C946-84AC-4F67-AD8F-0CC470746EEC}
	EndGlobalSection
EndGlobal
